{
  "name": "informationskompetenz",
  "version": "2.4.0",
  "lockfileVersion": 3,
  "requires": true,
  "packages": {
    "": {
      "name": "informationskompetenz",
      "version": "2.4.0",
      "license": "SEE LICENSE IN LICENSE.md",
      "dependencies": {
        "@fontsource/roboto": "^5.2.5"
      }
    },
    "node_modules/@fontsource/roboto": {
      "version": "5.2.5",
      "resolved": "https://registry.npmjs.org/@fontsource/roboto/-/roboto-5.2.5.tgz",
      "integrity": "sha512-70r2UZ0raqLn5W+sPeKhqlf8wGvUXFWlofaDlcbt/S3d06+17gXKr3VNqDODB0I1ASme3dGT5OJj9NABt7OTZQ==",
      "license": "OFL-1.1",
      "funding": {
        "url": "https://github.com/sponsors/ayuhito"
      }
    }
  }
}
